// !$*UTF8*$!
{
	archiveVersion = 1;
	classes = {
	};
	objectVersion = 46;
	objects = {

/* Begin PBXBuildFile section */
		2628B3081A5DD7C40008A533 /* RMDrinkViewController.m in Sources */ = {isa = PBXBuildFile; fileRef = 2628B3071A5DD7C40008A533 /* RMDrinkViewController.m */; };
		2628B30B1A5DD7E70008A533 /* RMAttendViewController.m in Sources */ = {isa = PBXBuildFile; fileRef = 2628B30A1A5DD7E70008A533 /* RMAttendViewController.m */; };
		2628B30E1A5DD81C0008A533 /* RMMapSearchViewController.m in Sources */ = {isa = PBXBuildFile; fileRef = 2628B30D1A5DD81C0008A533 /* RMMapSearchViewController.m */; };
		2628B3111A5DDD5C0008A533 /* EatCell.m in Sources */ = {isa = PBXBuildFile; fileRef = 2628B3101A5DDD5C0008A533 /* EatCell.m */; };
		26354A111A6F0C3D0075FBCA /* Podfile in Resources */ = {isa = PBXBuildFile; fileRef = 26354A101A6F0C3D0075FBCA /* Podfile */; };
		26354A191A6F23070075FBCA /* RMSpotDetailView.m in Sources */ = {isa = PBXBuildFile; fileRef = 26354A181A6F23070075FBCA /* RMSpotDetailView.m */; };
		26968B811A638A1C00757E32 /* MapKit.framework in Frameworks */ = {isa = PBXBuildFile; fileRef = 26968B801A638A1C00757E32 /* MapKit.framework */; };
		26A1F6721A68795300845917 /* AddressBook.framework in Frameworks */ = {isa = PBXBuildFile; fileRef = 26A1F6711A68795300845917 /* AddressBook.framework */; };
		26A1F6741A68795A00845917 /* CoreLocation.framework in Frameworks */ = {isa = PBXBuildFile; fileRef = 26A1F6731A68795A00845917 /* CoreLocation.framework */; };
		26A1F6761A68796600845917 /* SystemConfiguration.framework in Frameworks */ = {isa = PBXBuildFile; fileRef = 26A1F6751A68796600845917 /* SystemConfiguration.framework */; };
		26A1F6781A68797400845917 /* QuartzCore.framework in Frameworks */ = {isa = PBXBuildFile; fileRef = 26A1F6771A68797400845917 /* QuartzCore.framework */; };
		26A1F67A1A68799200845917 /* libxml2.dylib in Frameworks */ = {isa = PBXBuildFile; fileRef = 26A1F6791A68799200845917 /* libxml2.dylib */; };
		26A1F67F1A68BE7700845917 /* RMEatAnnotation.m in Sources */ = {isa = PBXBuildFile; fileRef = 26A1F67E1A68BE7700845917 /* RMEatAnnotation.m */; };
		26A1F6821A68C25100845917 /* RMDrinkAnnotation.m in Sources */ = {isa = PBXBuildFile; fileRef = 26A1F6811A68C25100845917 /* RMDrinkAnnotation.m */; };
		26A1F6851A68C27B00845917 /* RMAttendAnnotation.m in Sources */ = {isa = PBXBuildFile; fileRef = 26A1F6841A68C27B00845917 /* RMAttendAnnotation.m */; };
		26D416431A5B1FB40079AD89 /* main.m in Sources */ = {isa = PBXBuildFile; fileRef = 26D416421A5B1FB40079AD89 /* main.m */; };
		26D416461A5B1FB40079AD89 /* AppDelegate.m in Sources */ = {isa = PBXBuildFile; fileRef = 26D416451A5B1FB40079AD89 /* AppDelegate.m */; };
		26D416491A5B1FB40079AD89 /* RMEatViewController.m in Sources */ = {isa = PBXBuildFile; fileRef = 26D416481A5B1FB40079AD89 /* RMEatViewController.m */; };
		26D4164C1A5B1FB40079AD89 /* Main.storyboard in Resources */ = {isa = PBXBuildFile; fileRef = 26D4164A1A5B1FB40079AD89 /* Main.storyboard */; };
		26D4164E1A5B1FB40079AD89 /* Images.xcassets in Resources */ = {isa = PBXBuildFile; fileRef = 26D4164D1A5B1FB40079AD89 /* Images.xcassets */; };
		26D416511A5B1FB40079AD89 /* LaunchScreen.xib in Resources */ = {isa = PBXBuildFile; fileRef = 26D4164F1A5B1FB40079AD89 /* LaunchScreen.xib */; };
		26D4165D1A5B1FB40079AD89 /* NiteSpotTests.m in Sources */ = {isa = PBXBuildFile; fileRef = 26D4165C1A5B1FB40079AD89 /* NiteSpotTests.m */; };
		26D416681A5B1FE80079AD89 /* Spot.m in Sources */ = {isa = PBXBuildFile; fileRef = 26D416671A5B1FE80079AD89 /* Spot.m */; };
		26ECF4951A65F4B100697BBF /* DrinkCell.m in Sources */ = {isa = PBXBuildFile; fileRef = 26ECF4941A65F4B100697BBF /* DrinkCell.m */; };
		26ECF4981A65F4D100697BBF /* AttendCell.m in Sources */ = {isa = PBXBuildFile; fileRef = 26ECF4971A65F4D100697BBF /* AttendCell.m */; };
		A212B48AC79119C5BBAC7E53 /* libPods.a in Frameworks */ = {isa = PBXBuildFile; fileRef = 334A9111D305672F7A8E5D06 /* libPods.a */; };
/* End PBXBuildFile section */

/* Begin PBXContainerItemProxy section */
		26D416571A5B1FB40079AD89 /* PBXContainerItemProxy */ = {
			isa = PBXContainerItemProxy;
			containerPortal = 26D416351A5B1FB40079AD89 /* Project object */;
			proxyType = 1;
			remoteGlobalIDString = 26D4163C1A5B1FB40079AD89;
			remoteInfo = NiteSpot;
		};
/* End PBXContainerItemProxy section */

/* Begin PBXFileReference section */
		2628B3061A5DD7C40008A533 /* RMDrinkViewController.h */ = {isa = PBXFileReference; fileEncoding = 4; lastKnownFileType = sourcecode.c.h; path = RMDrinkViewController.h; sourceTree = "<group>"; };
		2628B3071A5DD7C40008A533 /* RMDrinkViewController.m */ = {isa = PBXFileReference; fileEncoding = 4; lastKnownFileType = sourcecode.c.objc; path = RMDrinkViewController.m; sourceTree = "<group>"; };
		2628B3091A5DD7E70008A533 /* RMAttendViewController.h */ = {isa = PBXFileReference; fileEncoding = 4; lastKnownFileType = sourcecode.c.h; path = RMAttendViewController.h; sourceTree = "<group>"; };
		2628B30A1A5DD7E70008A533 /* RMAttendViewController.m */ = {isa = PBXFileReference; fileEncoding = 4; lastKnownFileType = sourcecode.c.objc; path = RMAttendViewController.m; sourceTree = "<group>"; };
		2628B30C1A5DD81C0008A533 /* RMMapSearchViewController.h */ = {isa = PBXFileReference; fileEncoding = 4; lastKnownFileType = sourcecode.c.h; path = RMMapSearchViewController.h; sourceTree = "<group>"; };
		2628B30D1A5DD81C0008A533 /* RMMapSearchViewController.m */ = {isa = PBXFileReference; fileEncoding = 4; lastKnownFileType = sourcecode.c.objc; path = RMMapSearchViewController.m; sourceTree = "<group>"; };
		2628B30F1A5DDD5C0008A533 /* EatCell.h */ = {isa = PBXFileReference; fileEncoding = 4; lastKnownFileType = sourcecode.c.h; path = EatCell.h; sourceTree = "<group>"; };
		2628B3101A5DDD5C0008A533 /* EatCell.m */ = {isa = PBXFileReference; fileEncoding = 4; lastKnownFileType = sourcecode.c.objc; path = EatCell.m; sourceTree = "<group>"; };
		26354A101A6F0C3D0075FBCA /* Podfile */ = {isa = PBXFileReference; fileEncoding = 4; lastKnownFileType = text; path = Podfile; sourceTree = "<group>"; xcLanguageSpecificationIdentifier = xcode.lang.ruby; };
		26354A171A6F23070075FBCA /* RMSpotDetailView.h */ = {isa = PBXFileReference; fileEncoding = 4; lastKnownFileType = sourcecode.c.h; path = RMSpotDetailView.h; sourceTree = "<group>"; };
		26354A181A6F23070075FBCA /* RMSpotDetailView.m */ = {isa = PBXFileReference; fileEncoding = 4; lastKnownFileType = sourcecode.c.objc; path = RMSpotDetailView.m; sourceTree = "<group>"; };
		26968B801A638A1C00757E32 /* MapKit.framework */ = {isa = PBXFileReference; lastKnownFileType = wrapper.framework; name = MapKit.framework; path = System/Library/Frameworks/MapKit.framework; sourceTree = SDKROOT; };
		26A1F6711A68795300845917 /* AddressBook.framework */ = {isa = PBXFileReference; lastKnownFileType = wrapper.framework; name = AddressBook.framework; path = System/Library/Frameworks/AddressBook.framework; sourceTree = SDKROOT; };
		26A1F6731A68795A00845917 /* CoreLocation.framework */ = {isa = PBXFileReference; lastKnownFileType = wrapper.framework; name = CoreLocation.framework; path = System/Library/Frameworks/CoreLocation.framework; sourceTree = SDKROOT; };
		26A1F6751A68796600845917 /* SystemConfiguration.framework */ = {isa = PBXFileReference; lastKnownFileType = wrapper.framework; name = SystemConfiguration.framework; path = System/Library/Frameworks/SystemConfiguration.framework; sourceTree = SDKROOT; };
		26A1F6771A68797400845917 /* QuartzCore.framework */ = {isa = PBXFileReference; lastKnownFileType = wrapper.framework; name = QuartzCore.framework; path = System/Library/Frameworks/QuartzCore.framework; sourceTree = SDKROOT; };
		26A1F6791A68799200845917 /* libxml2.dylib */ = {isa = PBXFileReference; lastKnownFileType = "compiled.mach-o.dylib"; name = libxml2.dylib; path = usr/lib/libxml2.dylib; sourceTree = SDKROOT; };
		26A1F67D1A68BE7700845917 /* RMEatAnnotation.h */ = {isa = PBXFileReference; fileEncoding = 4; lastKnownFileType = sourcecode.c.h; path = RMEatAnnotation.h; sourceTree = "<group>"; };
		26A1F67E1A68BE7700845917 /* RMEatAnnotation.m */ = {isa = PBXFileReference; fileEncoding = 4; lastKnownFileType = sourcecode.c.objc; path = RMEatAnnotation.m; sourceTree = "<group>"; };
		26A1F6801A68C25100845917 /* RMDrinkAnnotation.h */ = {isa = PBXFileReference; fileEncoding = 4; lastKnownFileType = sourcecode.c.h; path = RMDrinkAnnotation.h; sourceTree = "<group>"; };
		26A1F6811A68C25100845917 /* RMDrinkAnnotation.m */ = {isa = PBXFileReference; fileEncoding = 4; lastKnownFileType = sourcecode.c.objc; path = RMDrinkAnnotation.m; sourceTree = "<group>"; };
		26A1F6831A68C27B00845917 /* RMAttendAnnotation.h */ = {isa = PBXFileReference; fileEncoding = 4; lastKnownFileType = sourcecode.c.h; path = RMAttendAnnotation.h; sourceTree = "<group>"; };
		26A1F6841A68C27B00845917 /* RMAttendAnnotation.m */ = {isa = PBXFileReference; fileEncoding = 4; lastKnownFileType = sourcecode.c.objc; path = RMAttendAnnotation.m; sourceTree = "<group>"; };
		26D4163D1A5B1FB40079AD89 /* NiteSpot.app */ = {isa = PBXFileReference; explicitFileType = wrapper.application; includeInIndex = 0; path = NiteSpot.app; sourceTree = BUILT_PRODUCTS_DIR; };
		26D416411A5B1FB40079AD89 /* Info.plist */ = {isa = PBXFileReference; lastKnownFileType = text.plist.xml; path = Info.plist; sourceTree = "<group>"; };
		26D416421A5B1FB40079AD89 /* main.m */ = {isa = PBXFileReference; lastKnownFileType = sourcecode.c.objc; path = main.m; sourceTree = "<group>"; };
		26D416441A5B1FB40079AD89 /* AppDelegate.h */ = {isa = PBXFileReference; lastKnownFileType = sourcecode.c.h; path = AppDelegate.h; sourceTree = "<group>"; };
		26D416451A5B1FB40079AD89 /* AppDelegate.m */ = {isa = PBXFileReference; lastKnownFileType = sourcecode.c.objc; path = AppDelegate.m; sourceTree = "<group>"; };
		26D416471A5B1FB40079AD89 /* RMEatViewController.h */ = {isa = PBXFileReference; lastKnownFileType = sourcecode.c.h; path = RMEatViewController.h; sourceTree = "<group>"; };
		26D416481A5B1FB40079AD89 /* RMEatViewController.m */ = {isa = PBXFileReference; lastKnownFileType = sourcecode.c.objc; path = RMEatViewController.m; sourceTree = "<group>"; };
		26D4164B1A5B1FB40079AD89 /* Base */ = {isa = PBXFileReference; lastKnownFileType = file.storyboard; name = Base; path = Base.lproj/Main.storyboard; sourceTree = "<group>"; };
		26D4164D1A5B1FB40079AD89 /* Images.xcassets */ = {isa = PBXFileReference; lastKnownFileType = folder.assetcatalog; path = Images.xcassets; sourceTree = "<group>"; };
		26D416501A5B1FB40079AD89 /* Base */ = {isa = PBXFileReference; lastKnownFileType = file.xib; name = Base; path = Base.lproj/LaunchScreen.xib; sourceTree = "<group>"; };
		26D416561A5B1FB40079AD89 /* NiteSpotTests.xctest */ = {isa = PBXFileReference; explicitFileType = wrapper.cfbundle; includeInIndex = 0; path = NiteSpotTests.xctest; sourceTree = BUILT_PRODUCTS_DIR; };
		26D4165B1A5B1FB40079AD89 /* Info.plist */ = {isa = PBXFileReference; lastKnownFileType = text.plist.xml; path = Info.plist; sourceTree = "<group>"; };
		26D4165C1A5B1FB40079AD89 /* NiteSpotTests.m */ = {isa = PBXFileReference; lastKnownFileType = sourcecode.c.objc; path = NiteSpotTests.m; sourceTree = "<group>"; };
		26D416661A5B1FE80079AD89 /* Spot.h */ = {isa = PBXFileReference; fileEncoding = 4; lastKnownFileType = sourcecode.c.h; path = Spot.h; sourceTree = "<group>"; };
		26D416671A5B1FE80079AD89 /* Spot.m */ = {isa = PBXFileReference; fileEncoding = 4; lastKnownFileType = sourcecode.c.objc; path = Spot.m; sourceTree = "<group>"; };
		26ECF48F1A65E5DE00697BBF /* texgyreadventor-bold.otf */ = {isa = PBXFileReference; lastKnownFileType = file; path = "texgyreadventor-bold.otf"; sourceTree = "<group>"; };
		26ECF4901A65E5DE00697BBF /* texgyreadventor-bolditalic.otf */ = {isa = PBXFileReference; lastKnownFileType = file; path = "texgyreadventor-bolditalic.otf"; sourceTree = "<group>"; };
		26ECF4911A65E5DE00697BBF /* texgyreadventor-italic.otf */ = {isa = PBXFileReference; lastKnownFileType = file; path = "texgyreadventor-italic.otf"; sourceTree = "<group>"; };
		26ECF4921A65E5DE00697BBF /* texgyreadventor-regular.otf */ = {isa = PBXFileReference; lastKnownFileType = file; path = "texgyreadventor-regular.otf"; sourceTree = "<group>"; };
		26ECF4931A65F4B100697BBF /* DrinkCell.h */ = {isa = PBXFileReference; fileEncoding = 4; lastKnownFileType = sourcecode.c.h; path = DrinkCell.h; sourceTree = "<group>"; };
		26ECF4941A65F4B100697BBF /* DrinkCell.m */ = {isa = PBXFileReference; fileEncoding = 4; lastKnownFileType = sourcecode.c.objc; path = DrinkCell.m; sourceTree = "<group>"; };
		26ECF4961A65F4D100697BBF /* AttendCell.h */ = {isa = PBXFileReference; fileEncoding = 4; lastKnownFileType = sourcecode.c.h; path = AttendCell.h; sourceTree = "<group>"; };
		26ECF4971A65F4D100697BBF /* AttendCell.m */ = {isa = PBXFileReference; fileEncoding = 4; lastKnownFileType = sourcecode.c.objc; path = AttendCell.m; sourceTree = "<group>"; };
		334A9111D305672F7A8E5D06 /* libPods.a */ = {isa = PBXFileReference; explicitFileType = archive.ar; includeInIndex = 0; path = libPods.a; sourceTree = BUILT_PRODUCTS_DIR; };
		42F997980CF32E43ACA97CB8 /* Pods.debug.xcconfig */ = {isa = PBXFileReference; includeInIndex = 1; lastKnownFileType = text.xcconfig; name = Pods.debug.xcconfig; path = "Pods/Target Support Files/Pods/Pods.debug.xcconfig"; sourceTree = "<group>"; };
		E845A4C8238388E2CE8113D6 /* Pods.release.xcconfig */ = {isa = PBXFileReference; includeInIndex = 1; lastKnownFileType = text.xcconfig; name = Pods.release.xcconfig; path = "Pods/Target Support Files/Pods/Pods.release.xcconfig"; sourceTree = "<group>"; };
/* End PBXFileReference section */

/* Begin PBXFrameworksBuildPhase section */
		26D4163A1A5B1FB40079AD89 /* Frameworks */ = {
			isa = PBXFrameworksBuildPhase;
			buildActionMask = 2147483647;
			files = (
				26A1F67A1A68799200845917 /* libxml2.dylib in Frameworks */,
				26A1F6781A68797400845917 /* QuartzCore.framework in Frameworks */,
				26A1F6761A68796600845917 /* SystemConfiguration.framework in Frameworks */,
				26A1F6741A68795A00845917 /* CoreLocation.framework in Frameworks */,
				26A1F6721A68795300845917 /* AddressBook.framework in Frameworks */,
				26968B811A638A1C00757E32 /* MapKit.framework in Frameworks */,
				A212B48AC79119C5BBAC7E53 /* libPods.a in Frameworks */,
			);
			runOnlyForDeploymentPostprocessing = 0;
		};
		26D416531A5B1FB40079AD89 /* Frameworks */ = {
			isa = PBXFrameworksBuildPhase;
			buildActionMask = 2147483647;
			files = (
			);
			runOnlyForDeploymentPostprocessing = 0;
		};
/* End PBXFrameworksBuildPhase section */

/* Begin PBXGroup section */
		26D416341A5B1FB40079AD89 = {
			isa = PBXGroup;
			children = (
				26354A101A6F0C3D0075FBCA /* Podfile */,
				26A1F6791A68799200845917 /* libxml2.dylib */,
				26A1F6771A68797400845917 /* QuartzCore.framework */,
				26A1F6751A68796600845917 /* SystemConfiguration.framework */,
				26A1F6731A68795A00845917 /* CoreLocation.framework */,
				26A1F6711A68795300845917 /* AddressBook.framework */,
				26968B801A638A1C00757E32 /* MapKit.framework */,
				26D4163F1A5B1FB40079AD89 /* NiteSpot */,
				26D416591A5B1FB40079AD89 /* NiteSpotTests */,
				26D4163E1A5B1FB40079AD89 /* Products */,
				6C9F480EF58822A36ED399BF /* Pods */,
				9B2C673F3832E7B5B1DA8E4D /* Frameworks */,
			);
			sourceTree = "<group>";
		};
		26D4163E1A5B1FB40079AD89 /* Products */ = {
			isa = PBXGroup;
			children = (
				26D4163D1A5B1FB40079AD89 /* NiteSpot.app */,
				26D416561A5B1FB40079AD89 /* NiteSpotTests.xctest */,
			);
			name = Products;
			sourceTree = "<group>";
		};
		26D4163F1A5B1FB40079AD89 /* NiteSpot */ = {
			isa = PBXGroup;
			children = (
				26D4164A1A5B1FB40079AD89 /* Main.storyboard */,
				26354A171A6F23070075FBCA /* RMSpotDetailView.h */,
				26354A181A6F23070075FBCA /* RMSpotDetailView.m */,
				26D416441A5B1FB40079AD89 /* AppDelegate.h */,
				26D416451A5B1FB40079AD89 /* AppDelegate.m */,
				26D416471A5B1FB40079AD89 /* RMEatViewController.h */,
				26D416481A5B1FB40079AD89 /* RMEatViewController.m */,
				2628B3061A5DD7C40008A533 /* RMDrinkViewController.h */,
				2628B3071A5DD7C40008A533 /* RMDrinkViewController.m */,
				2628B3091A5DD7E70008A533 /* RMAttendViewController.h */,
				2628B30A1A5DD7E70008A533 /* RMAttendViewController.m */,
				2628B30C1A5DD81C0008A533 /* RMMapSearchViewController.h */,
				2628B30D1A5DD81C0008A533 /* RMMapSearchViewController.m */,
				2628B30F1A5DDD5C0008A533 /* EatCell.h */,
				2628B3101A5DDD5C0008A533 /* EatCell.m */,
				26ECF4931A65F4B100697BBF /* DrinkCell.h */,
				26ECF4941A65F4B100697BBF /* DrinkCell.m */,
				26ECF4961A65F4D100697BBF /* AttendCell.h */,
				26ECF4971A65F4D100697BBF /* AttendCell.m */,
				26D416661A5B1FE80079AD89 /* Spot.h */,
				26D416671A5B1FE80079AD89 /* Spot.m */,
				26A1F6831A68C27B00845917 /* RMAttendAnnotation.h */,
				26A1F6841A68C27B00845917 /* RMAttendAnnotation.m */,
				26A1F6801A68C25100845917 /* RMDrinkAnnotation.h */,
				26A1F6811A68C25100845917 /* RMDrinkAnnotation.m */,
				26A1F67D1A68BE7700845917 /* RMEatAnnotation.h */,
				26A1F67E1A68BE7700845917 /* RMEatAnnotation.m */,
				26D4164D1A5B1FB40079AD89 /* Images.xcassets */,
				26D4164F1A5B1FB40079AD89 /* LaunchScreen.xib */,
				26D416401A5B1FB40079AD89 /* Supporting Files */,
			);
			path = NiteSpot;
			sourceTree = "<group>";
		};
		26D416401A5B1FB40079AD89 /* Supporting Files */ = {
			isa = PBXGroup;
			children = (
				26D416411A5B1FB40079AD89 /* Info.plist */,
				26ECF48F1A65E5DE00697BBF /* texgyreadventor-bold.otf */,
				26ECF4901A65E5DE00697BBF /* texgyreadventor-bolditalic.otf */,
				26ECF4911A65E5DE00697BBF /* texgyreadventor-italic.otf */,
				26ECF4921A65E5DE00697BBF /* texgyreadventor-regular.otf */,
				26D416421A5B1FB40079AD89 /* main.m */,
			);
			name = "Supporting Files";
			sourceTree = "<group>";
		};
		26D416591A5B1FB40079AD89 /* NiteSpotTests */ = {
			isa = PBXGroup;
			children = (
				26D4165C1A5B1FB40079AD89 /* NiteSpotTests.m */,
				26D4165A1A5B1FB40079AD89 /* Supporting Files */,
			);
			path = NiteSpotTests;
			sourceTree = "<group>";
		};
		26D4165A1A5B1FB40079AD89 /* Supporting Files */ = {
			isa = PBXGroup;
			children = (
				26D4165B1A5B1FB40079AD89 /* Info.plist */,
			);
			name = "Supporting Files";
			sourceTree = "<group>";
		};
		6C9F480EF58822A36ED399BF /* Pods */ = {
			isa = PBXGroup;
			children = (
				42F997980CF32E43ACA97CB8 /* Pods.debug.xcconfig */,
				E845A4C8238388E2CE8113D6 /* Pods.release.xcconfig */,
			);
			name = Pods;
			sourceTree = "<group>";
		};
		9B2C673F3832E7B5B1DA8E4D /* Frameworks */ = {
			isa = PBXGroup;
			children = (
				334A9111D305672F7A8E5D06 /* libPods.a */,
			);
			name = Frameworks;
			sourceTree = "<group>";
		};
/* End PBXGroup section */

/* Begin PBXNativeTarget section */
		26D4163C1A5B1FB40079AD89 /* NiteSpot */ = {
			isa = PBXNativeTarget;
			buildConfigurationList = 26D416601A5B1FB40079AD89 /* Build configuration list for PBXNativeTarget "NiteSpot" */;
			buildPhases = (
				B2F873742C8D0CD79751778C /* Check Pods Manifest.lock */,
				26D416391A5B1FB40079AD89 /* Sources */,
				26D4163A1A5B1FB40079AD89 /* Frameworks */,
				26D4163B1A5B1FB40079AD89 /* Resources */,
				68A51591FAAF5E3B89BC7881 /* Copy Pods Resources */,
			);
			buildRules = (
			);
			dependencies = (
			);
			name = NiteSpot;
			productName = NiteSpot;
			productReference = 26D4163D1A5B1FB40079AD89 /* NiteSpot.app */;
			productType = "com.apple.product-type.application";
		};
		26D416551A5B1FB40079AD89 /* NiteSpotTests */ = {
			isa = PBXNativeTarget;
			buildConfigurationList = 26D416631A5B1FB40079AD89 /* Build configuration list for PBXNativeTarget "NiteSpotTests" */;
			buildPhases = (
				26D416521A5B1FB40079AD89 /* Sources */,
				26D416531A5B1FB40079AD89 /* Frameworks */,
				26D416541A5B1FB40079AD89 /* Resources */,
			);
			buildRules = (
			);
			dependencies = (
				26D416581A5B1FB40079AD89 /* PBXTargetDependency */,
			);
			name = NiteSpotTests;
			productName = NiteSpotTests;
			productReference = 26D416561A5B1FB40079AD89 /* NiteSpotTests.xctest */;
			productType = "com.apple.product-type.bundle.unit-test";
		};
/* End PBXNativeTarget section */

/* Begin PBXProject section */
		26D416351A5B1FB40079AD89 /* Project object */ = {
			isa = PBXProject;
			attributes = {
				LastUpgradeCheck = 0610;
				ORGANIZATIONNAME = com.rudolfmedia;
				TargetAttributes = {
					26D4163C1A5B1FB40079AD89 = {
						CreatedOnToolsVersion = 6.1.1;
					};
					26D416551A5B1FB40079AD89 = {
						CreatedOnToolsVersion = 6.1.1;
						TestTargetID = 26D4163C1A5B1FB40079AD89;
					};
				};
			};
			buildConfigurationList = 26D416381A5B1FB40079AD89 /* Build configuration list for PBXProject "NiteSpot" */;
			compatibilityVersion = "Xcode 3.2";
			developmentRegion = English;
			hasScannedForEncodings = 0;
			knownRegions = (
				en,
				Base,
			);
			mainGroup = 26D416341A5B1FB40079AD89;
			productRefGroup = 26D4163E1A5B1FB40079AD89 /* Products */;
			projectDirPath = "";
			projectRoot = "";
			targets = (
				26D4163C1A5B1FB40079AD89 /* NiteSpot */,
				26D416551A5B1FB40079AD89 /* NiteSpotTests */,
			);
		};
/* End PBXProject section */

/* Begin PBXResourcesBuildPhase section */
		26D4163B1A5B1FB40079AD89 /* Resources */ = {
			isa = PBXResourcesBuildPhase;
			buildActionMask = 2147483647;
			files = (
				26D4164C1A5B1FB40079AD89 /* Main.storyboard in Resources */,
				26D416511A5B1FB40079AD89 /* LaunchScreen.xib in Resources */,
				26354A111A6F0C3D0075FBCA /* Podfile in Resources */,
				26D4164E1A5B1FB40079AD89 /* Images.xcassets in Resources */,
			);
			runOnlyForDeploymentPostprocessing = 0;
		};
		26D416541A5B1FB40079AD89 /* Resources */ = {
			isa = PBXResourcesBuildPhase;
			buildActionMask = 2147483647;
			files = (
			);
			runOnlyForDeploymentPostprocessing = 0;
		};
/* End PBXResourcesBuildPhase section */

/* Begin PBXShellScriptBuildPhase section */
		68A51591FAAF5E3B89BC7881 /* Copy Pods Resources */ = {
			isa = PBXShellScriptBuildPhase;
			buildActionMask = 2147483647;
			files = (
			);
			inputPaths = (
			);
			name = "Copy Pods Resources";
			outputPaths = (
			);
			runOnlyForDeploymentPostprocessing = 0;
			shellPath = /bin/sh;
			shellScript = "\"${SRCROOT}/Pods/Target Support Files/Pods/Pods-resources.sh\"\n";
			showEnvVarsInLog = 0;
		};
		B2F873742C8D0CD79751778C /* Check Pods Manifest.lock */ = {
			isa = PBXShellScriptBuildPhase;
			buildActionMask = 2147483647;
			files = (
			);
			inputPaths = (
			);
			name = "Check Pods Manifest.lock";
			outputPaths = (
			);
			runOnlyForDeploymentPostprocessing = 0;
			shellPath = /bin/sh;
			shellScript = "diff \"${PODS_ROOT}/../Podfile.lock\" \"${PODS_ROOT}/Manifest.lock\" > /dev/null\nif [[ $? != 0 ]] ; then\n    cat << EOM\nerror: The sandbox is not in sync with the Podfile.lock. Run 'pod install' or update your CocoaPods installation.\nEOM\n    exit 1\nfi\n";
			showEnvVarsInLog = 0;
		};
/* End PBXShellScriptBuildPhase section */

/* Begin PBXSourcesBuildPhase section */
		26D416391A5B1FB40079AD89 /* Sources */ = {
			isa = PBXSourcesBuildPhase;
			buildActionMask = 2147483647;
			files = (
				2628B3081A5DD7C40008A533 /* RMDrinkViewController.m in Sources */,
				26ECF4981A65F4D100697BBF /* AttendCell.m in Sources */,
				2628B30B1A5DD7E70008A533 /* RMAttendViewController.m in Sources */,
				26ECF4951A65F4B100697BBF /* DrinkCell.m in Sources */,
				26A1F6821A68C25100845917 /* RMDrinkAnnotation.m in Sources */,
				26D416491A5B1FB40079AD89 /* RMEatViewController.m in Sources */,
				26354A191A6F23070075FBCA /* RMSpotDetailView.m in Sources */,
				2628B3111A5DDD5C0008A533 /* EatCell.m in Sources */,
				26A1F67F1A68BE7700845917 /* RMEatAnnotation.m in Sources */,
				26D416461A5B1FB40079AD89 /* AppDelegate.m in Sources */,
				2628B30E1A5DD81C0008A533 /* RMMapSearchViewController.m in Sources */,
				26D416431A5B1FB40079AD89 /* main.m in Sources */,
				26D416681A5B1FE80079AD89 /* Spot.m in Sources */,
				26A1F6851A68C27B00845917 /* RMAttendAnnotation.m in Sources */,
			);
			runOnlyForDeploymentPostprocessing = 0;
		};
		26D416521A5B1FB40079AD89 /* Sources */ = {
			isa = PBXSourcesBuildPhase;
			buildActionMask = 2147483647;
			files = (
				26D4165D1A5B1FB40079AD89 /* NiteSpotTests.m in Sources */,
			);
			runOnlyForDeploymentPostprocessing = 0;
		};
/* End PBXSourcesBuildPhase section */

/* Begin PBXTargetDependency section */
		26D416581A5B1FB40079AD89 /* PBXTargetDependency */ = {
			isa = PBXTargetDependency;
			target = 26D4163C1A5B1FB40079AD89 /* NiteSpot */;
			targetProxy = 26D416571A5B1FB40079AD89 /* PBXContainerItemProxy */;
		};
/* End PBXTargetDependency section */

/* Begin PBXVariantGroup section */
		26D4164A1A5B1FB40079AD89 /* Main.storyboard */ = {
			isa = PBXVariantGroup;
			children = (
				26D4164B1A5B1FB40079AD89 /* Base */,
			);
			name = Main.storyboard;
			sourceTree = "<group>";
		};
		26D4164F1A5B1FB40079AD89 /* LaunchScreen.xib */ = {
			isa = PBXVariantGroup;
			children = (
				26D416501A5B1FB40079AD89 /* Base */,
			);
			name = LaunchScreen.xib;
			sourceTree = "<group>";
		};
/* End PBXVariantGroup section */

/* Begin XCBuildConfiguration section */
		26D4165E1A5B1FB40079AD89 /* Debug */ = {
			isa = XCBuildConfiguration;
			buildSettings = {
				ALWAYS_SEARCH_USER_PATHS = NO;
				CLANG_CXX_LANGUAGE_STANDARD = "gnu++0x";
				CLANG_CXX_LIBRARY = "libc++";
				CLANG_ENABLE_MODULES = YES;
				CLANG_ENABLE_OBJC_ARC = YES;
				CLANG_WARN_BOOL_CONVERSION = YES;
				CLANG_WARN_CONSTANT_CONVERSION = YES;
				CLANG_WARN_DIRECT_OBJC_ISA_USAGE = YES_ERROR;
				CLANG_WARN_EMPTY_BODY = YES;
				CLANG_WARN_ENUM_CONVERSION = YES;
				CLANG_WARN_INT_CONVERSION = YES;
				CLANG_WARN_OBJC_ROOT_CLASS = YES_ERROR;
				CLANG_WARN_UNREACHABLE_CODE = YES;
				CLANG_WARN__DUPLICATE_METHOD_MATCH = YES;
				"CODE_SIGN_IDENTITY[sdk=iphoneos*]" = "iPhone Developer";
				COPY_PHASE_STRIP = NO;
				ENABLE_STRICT_OBJC_MSGSEND = YES;
				GCC_C_LANGUAGE_STANDARD = gnu99;
				GCC_DYNAMIC_NO_PIC = NO;
				GCC_OPTIMIZATION_LEVEL = 0;
				GCC_PREPROCESSOR_DEFINITIONS = (
					"DEBUG=1",
					"$(inherited)",
				);
				GCC_SYMBOLS_PRIVATE_EXTERN = NO;
				GCC_WARN_64_TO_32_BIT_CONVERSION = YES;
				GCC_WARN_ABOUT_RETURN_TYPE = YES_ERROR;
				GCC_WARN_UNDECLARED_SELECTOR = YES;
				GCC_WARN_UNINITIALIZED_AUTOS = YES_AGGRESSIVE;
				GCC_WARN_UNUSED_FUNCTION = YES;
				GCC_WARN_UNUSED_VARIABLE = YES;
				IPHONEOS_DEPLOYMENT_TARGET = 8.1;
				MTL_ENABLE_DEBUG_INFO = YES;
				ONLY_ACTIVE_ARCH = YES;
				SDKROOT = iphoneos;
			};
			name = Debug;
		};
		26D4165F1A5B1FB40079AD89 /* Release */ = {
			isa = XCBuildConfiguration;
			buildSettings = {
				ALWAYS_SEARCH_USER_PATHS = NO;
				CLANG_CXX_LANGUAGE_STANDARD = "gnu++0x";
				CLANG_CXX_LIBRARY = "libc++";
				CLANG_ENABLE_MODULES = YES;
				CLANG_ENABLE_OBJC_ARC = YES;
				CLANG_WARN_BOOL_CONVERSION = YES;
				CLANG_WARN_CONSTANT_CONVERSION = YES;
				CLANG_WARN_DIRECT_OBJC_ISA_USAGE = YES_ERROR;
				CLANG_WARN_EMPTY_BODY = YES;
				CLANG_WARN_ENUM_CONVERSION = YES;
				CLANG_WARN_INT_CONVERSION = YES;
				CLANG_WARN_OBJC_ROOT_CLASS = YES_ERROR;
				CLANG_WARN_UNREACHABLE_CODE = YES;
				CLANG_WARN__DUPLICATE_METHOD_MATCH = YES;
				"CODE_SIGN_IDENTITY[sdk=iphoneos*]" = "iPhone Developer";
				COPY_PHASE_STRIP = YES;
				ENABLE_NS_ASSERTIONS = NO;
				ENABLE_STRICT_OBJC_MSGSEND = YES;
				GCC_C_LANGUAGE_STANDARD = gnu99;
				GCC_WARN_64_TO_32_BIT_CONVERSION = YES;
				GCC_WARN_ABOUT_RETURN_TYPE = YES_ERROR;
				GCC_WARN_UNDECLARED_SELECTOR = YES;
				GCC_WARN_UNINITIALIZED_AUTOS = YES_AGGRESSIVE;
				GCC_WARN_UNUSED_FUNCTION = YES;
				GCC_WARN_UNUSED_VARIABLE = YES;
				IPHONEOS_DEPLOYMENT_TARGET = 8.1;
				MTL_ENABLE_DEBUG_INFO = NO;
				SDKROOT = iphoneos;
				VALIDATE_PRODUCT = YES;
			};
			name = Release;
		};
		26D416611A5B1FB40079AD89 /* Debug */ = {
			isa = XCBuildConfiguration;
			baseConfigurationReference = 42F997980CF32E43ACA97CB8 /* Pods.debug.xcconfig */;
			buildSettings = {
				ASSETCATALOG_COMPILER_APPICON_NAME = AppIcon;
				ASSETCATALOG_COMPILER_LAUNCHIMAGE_NAME = LaunchImage;
				FRAMEWORK_SEARCH_PATHS = (
					"$(inherited)",
					/Users/danRudolf,
					1/Downloads/MQMapKit_1.1,
				);
				INFOPLIST_FILE = NiteSpot/Info.plist;
				IPHONEOS_DEPLOYMENT_TARGET = 8.0;
				LD_RUNPATH_SEARCH_PATHS = "$(inherited) @executable_path/Frameworks";
				PRODUCT_NAME = "$(TARGET_NAME)";
			};
			name = Debug;
		};
		26D416621A5B1FB40079AD89 /* Release */ = {
			isa = XCBuildConfiguration;
			baseConfigurationReference = E845A4C8238388E2CE8113D6 /* Pods.release.xcconfig */;
			buildSettings = {
				ASSETCATALOG_COMPILER_APPICON_NAME = AppIcon;
				ASSETCATALOG_COMPILER_LAUNCHIMAGE_NAME = LaunchImage;
				FRAMEWORK_SEARCH_PATHS = (
					"$(inherited)",
					/Users/danRudolf,
					1/Downloads/MQMapKit_1.1,
				);
				INFOPLIST_FILE = NiteSpot/Info.plist;
				IPHONEOS_DEPLOYMENT_TARGET = 8.0;
				LD_RUNPATH_SEARCH_PATHS = "$(inherited) @executable_path/Frameworks";
				PRODUCT_NAME = "$(TARGET_NAME)";
			};
			name = Release;
		};
		26D416641A5B1FB40079AD89 /* Debug */ = {
			isa = XCBuildConfiguration;
			buildSettings = {
				BUNDLE_LOADER = "$(TEST_HOST)";
				FRAMEWORK_SEARCH_PATHS = (
					"$(SDKROOT)/Developer/Library/Frameworks",
					"$(inherited)",
				);
				GCC_PREPROCESSOR_DEFINITIONS = (
					"DEBUG=1",
					"$(inherited)",
				);
				INFOPLIST_FILE = NiteSpotTests/Info.plist;
				LD_RUNPATH_SEARCH_PATHS = "$(inherited) @executable_path/Frameworks @loader_path/Frameworks";
				PRODUCT_NAME = "$(TARGET_NAME)";
				TEST_HOST = "$(BUILT_PRODUCTS_DIR)/NiteSpot.app/NiteSpot";
			};
			name = Debug;
		};
		26D416651A5B1FB40079AD89 /* Release */ = {
			isa = XCBuildConfiguration;
			buildSettings = {
				BUNDLE_LOADER = "$(TEST_HOST)";
				FRAMEWORK_SEARCH_PATHS = (
					"$(SDKROOT)/Developer/Library/Frameworks",
					"$(inherited)",
				);
				INFOPLIST_FILE = NiteSpotTests/Info.plist;
				LD_RUNPATH_SEARCH_PATHS = "$(inherited) @executable_path/Frameworks @loader_path/Frameworks";
				PRODUCT_NAME = "$(TARGET_NAME)";
				TEST_HOST = "$(BUILT_PRODUCTS_DIR)/NiteSpot.app/NiteSpot";
			};
			name = Release;
		};
/* End XCBuildConfiguration section */

/* Begin XCConfigurationList section */
		26D416381A5B1FB40079AD89 /* Build configuration list for PBXProject "NiteSpot" */ = {
			isa = XCConfigurationList;
			buildConfigurations = (
				26D4165E1A5B1FB40079AD89 /* Debug */,
				26D4165F1A5B1FB40079AD89 /* Release */,
			);
			defaultConfigurationIsVisible = 0;
			defaultConfigurationName = Release;
		};
		26D416601A5B1FB40079AD89 /* Build configuration list for PBXNativeTarget "NiteSpot" */ = {
			isa = XCConfigurationList;
			buildConfigurations = (
				26D416611A5B1FB40079AD89 /* Debug */,
				26D416621A5B1FB40079AD89 /* Release */,
			);
			defaultConfigurationIsVisible = 0;
			defaultConfigurationName = Release;
		};
		26D416631A5B1FB40079AD89 /* Build configuration list for PBXNativeTarget "NiteSpotTests" */ = {
			isa = XCConfigurationList;
			buildConfigurations = (
				26D416641A5B1FB40079AD89 /* Debug */,
				26D416651A5B1FB40079AD89 /* Release */,
			);
			defaultConfigurationIsVisible = 0;
			defaultConfigurationName = Release;
		};
/* End XCConfigurationList section */
	};
	rootObject = 26D416351A5B1FB40079AD89 /* Project object */;
}
